<?xml version="1.0" encoding="utf-8"?>
<Project ToolsVersion="4.0" xmlns="http://schemas.microsoft.com/developer/msbuild/2003">
  <ItemGroup>
    <Filter Include="Source Files">
      <UniqueIdentifier>{4FC737F1-C7A5-4376-A066-2A32D752A2FF}</UniqueIdentifier>
      <Extensions>cpp;c;cxx;def;odl;idl;hpj;bat;asm;asmx</Extensions>
    </Filter>
    <Filter Include="Source Files\Scalar">
      <UniqueIdentifier>{4f2124d8-954b-490e-90ab-8d6534382b91}</UniqueIdentifier>
    </Filter>
    <Filter Include="Source Files\Utils">
      <UniqueIdentifier>{ea671f39-9f3e-446e-8403-3a2640fe6bd4}</UniqueIdentifier>
    </Filter>
    <Filter Include="Source Files\InstCombine">
      <UniqueIdentifier>{dc4f8c5e-d633-4998-b78a-264c5a02b1ee}</UniqueIdentifier>
    </Filter>
    <Filter Include="Header Files">
      <UniqueIdentifier>{93995380-89BD-4b04-88EB-625FBE52EBFB}</UniqueIdentifier>
      <Extensions>h;hpp;hxx;hm;inl;inc;xsd</Extensions>
    </Filter>
    <Filter Include="Header Files\InstCombine">
      <UniqueIdentifier>{67d3982c-c7d4-4d21-acc6-0bb8caae493b}</UniqueIdentifier>
    </Filter>
    <Filter Include="Header Files\Scalar">
      <UniqueIdentifier>{2dd27cd1-56ff-4161-9cb5-98fb5d5d2e24}</UniqueIdentifier>
    </Filter>
    <Filter Include="Header Files\Utils">
      <UniqueIdentifier>{b1f3199d-1bcb-4cdf-8e34-4bcb1cec0922}</UniqueIdentifier>
    </Filter>
  </ItemGroup>
  <ItemGroup>
    <ClCompile Include="..\..\lib\Transforms\Scalar\ADCE.cpp">
      <Filter>Source Files\Scalar</Filter>
    </ClCompile>
    <ClCompile Include="..\..\lib\Transforms\Scalar\CodeGenPrepare.cpp">
      <Filter>Source Files\Scalar</Filter>
    </ClCompile>
    <ClCompile Include="..\..\lib\Transforms\Scalar\GEPSplitter.cpp">
      <Filter>Source Files\Scalar</Filter>
    </ClCompile>
    <ClCompile Include="..\..\lib\Transforms\Scalar\GVN.cpp">
      <Filter>Source Files\Scalar</Filter>
    </ClCompile>
    <ClCompile Include="..\..\lib\Transforms\Scalar\LICM.cpp">
      <Filter>Source Files\Scalar</Filter>
    </ClCompile>
    <ClCompile Include="..\..\lib\Transforms\Scalar\LoopStrengthReduce.cpp">
      <Filter>Source Files\Scalar</Filter>
    </ClCompile>
    <ClCompile Include="..\..\lib\Transforms\Scalar\ScalarReplAggregates.cpp">
      <Filter>Source Files\Scalar</Filter>
    </ClCompile>
    <ClCompile Include="..\..\lib\Transforms\Scalar\SimplifyCFGPass.cpp">
      <Filter>Source Files\Scalar</Filter>
    </ClCompile>
    <ClCompile Include="..\..\lib\Transforms\Utils\AddrModeMatcher.cpp">
      <Filter>Source Files\Utils</Filter>
    </ClCompile>
    <ClCompile Include="..\..\lib\Transforms\Utils\BasicBlockUtils.cpp">
      <Filter>Source Files\Utils</Filter>
    </ClCompile>
    <ClCompile Include="..\..\lib\Transforms\Utils\BreakCriticalEdges.cpp">
      <Filter>Source Files\Utils</Filter>
    </ClCompile>
    <ClCompile Include="..\..\lib\Transforms\Utils\DemoteRegToStack.cpp">
      <Filter>Source Files\Utils</Filter>
    </ClCompile>
    <ClCompile Include="..\..\lib\Transforms\Utils\LCSSA.cpp">
      <Filter>Source Files\Utils</Filter>
    </ClCompile>
    <ClCompile Include="..\..\lib\Transforms\Utils\Local.cpp">
      <Filter>Source Files\Utils</Filter>
    </ClCompile>
    <ClCompile Include="..\..\lib\Transforms\Utils\LoopSimplify.cpp">
      <Filter>Source Files\Utils</Filter>
    </ClCompile>
    <ClCompile Include="..\..\lib\Transforms\Utils\LowerSwitch.cpp">
      <Filter>Source Files\Utils</Filter>
    </ClCompile>
    <ClCompile Include="..\..\lib\Transforms\Utils\PromoteMemoryToRegister.cpp">
      <Filter>Source Files\Utils</Filter>
    </ClCompile>
    <ClCompile Include="..\..\lib\Transforms\Utils\SimplifyCFG.cpp">
      <Filter>Source Files\Utils</Filter>
    </ClCompile>
    <ClCompile Include="..\..\lib\Transforms\Utils\SSAUpdater.cpp">
      <Filter>Source Files\Utils</Filter>
    </ClCompile>
    <ClCompile Include="..\..\lib\Transforms\Utils\UnifyFunctionExitNodes.cpp">
      <Filter>Source Files\Utils</Filter>
    </ClCompile>
    <ClCompile Include="..\..\lib\Transforms\InstCombine\InstCombineAddSub.cpp">
      <Filter>Source Files\InstCombine</Filter>
    </ClCompile>
    <ClCompile Include="..\..\lib\Transforms\InstCombine\InstCombineAndOrXor.cpp">
      <Filter>Source Files\InstCombine</Filter>
    </ClCompile>
    <ClCompile Include="..\..\lib\Transforms\InstCombine\InstCombineCalls.cpp">
      <Filter>Source Files\InstCombine</Filter>
    </ClCompile>
    <ClCompile Include="..\..\lib\Transforms\InstCombine\InstCombineCasts.cpp">
      <Filter>Source Files\InstCombine</Filter>
    </ClCompile>
    <ClCompile Include="..\..\lib\Transforms\InstCombine\InstCombineCompares.cpp">
      <Filter>Source Files\InstCombine</Filter>
    </ClCompile>
    <ClCompile Include="..\..\lib\Transforms\InstCombine\InstCombineLoadStoreAlloca.cpp">
      <Filter>Source Files\InstCombine</Filter>
    </ClCompile>
    <ClCompile Include="..\..\lib\Transforms\InstCombine\InstCombineMulDivRem.cpp">
      <Filter>Source Files\InstCombine</Filter>
    </ClCompile>
    <ClCompile Include="..\..\lib\Transforms\InstCombine\InstCombinePHI.cpp">
      <Filter>Source Files\InstCombine</Filter>
    </ClCompile>
    <ClCompile Include="..\..\lib\Transforms\InstCombine\InstCombineSelect.cpp">
      <Filter>Source Files\InstCombine</Filter>
    </ClCompile>
    <ClCompile Include="..\..\lib\Transforms\InstCombine\InstCombineShifts.cpp">
      <Filter>Source Files\InstCombine</Filter>
    </ClCompile>
    <ClCompile Include="..\..\lib\Transforms\InstCombine\InstCombineSimplifyDemanded.cpp">
      <Filter>Source Files\InstCombine</Filter>
    </ClCompile>
    <ClCompile Include="..\..\lib\Transforms\InstCombine\InstCombineVectorOps.cpp">
      <Filter>Source Files\InstCombine</Filter>
    </ClCompile>
    <ClCompile Include="..\..\lib\Transforms\InstCombine\InstructionCombining.cpp">
      <Filter>Source Files\InstCombine</Filter>
    </ClCompile>
    <ClCompile Include="..\..\lib\Transforms\Scalar\SCCP.cpp">
      <Filter>Source Files\Scalar</Filter>
    </ClCompile>
    <ClCompile Include="..\..\lib\Transforms\Scalar\DeadStoreElimination.cpp">
      <Filter>Source Files\Scalar</Filter>
    </ClCompile>
    <ClCompile Include="..\..\lib\Transforms\Scalar\Reassociate.cpp">
      <Filter>Source Files\Scalar</Filter>
    </ClCompile>
  </ItemGroup>
  <ItemGroup>
    <ClInclude Include="..\..\lib\Transforms\InstCombine\InstCombine.h">
      <Filter>Header Files\InstCombine</Filter>
    </ClInclude>
    <ClInclude Include="..\..\lib\Transforms\InstCombine\InstCombineWorklist.h">
      <Filter>Header Files\InstCombine</Filter>
    </ClInclude>
    <ClInclude Include="..\..\lib\Transforms\Utils\ValueMapper.h">
      <Filter>Header Files\Utils</Filter>
    </ClInclude>
  </ItemGroup>
</Project>