Microsoft Visual Studio Solution File, Format Version 12.00
# Visual Studio 15
VisualStudioVersion = 15.0.27130.2036
MinimumVisualStudioVersion = 10.0.40219.1
Project("{2150E333-8FDC-42A3-9474-1A3956D46DE8}") = "LLVM", "LLVM", "{B408B98A-E888-4ECF-81E0-7A37A6854B17}"
EndProject
Project("{8BC9CEB8-8B4A-11D0-8D11-00A0C91BC942}") = "SwiftShader", "src\SwiftShader\SwiftShader.vcxproj", "{7B02CB19-4CDF-4F79-BC9B-7F3F6164A003}"
EndProject
Project("{8BC9CEB8-8B4A-11D0-8D11-00A0C91BC942}") = "Reactor", "src\Reactor\Reactor.vcxproj", "{28FD076D-10B5-4BD8-A4CF-F44C7002A803}"
EndProject
Project("{2150E333-8FDC-42A3-9474-1A3956D46DE8}") = "OpenGL", "OpenGL", "{D33114D7-E582-4D61-B27D-FAB0297C43FF}"
EndProject
Project("{2150E333-8FDC-42A3-9474-1A3956D46DE8}") = "Tests", "Tests", "{ED25C308-5BDB-43A7-BED6-C2C059FC2D7D}"
EndProject
Project("{8BC9CEB8-8B4A-11D0-8D11-00A0C91BC942}") = "libGLESv2", "src\OpenGL\libGLESv2\libGLESv2.vcxproj", "{B5871A7A-968C-42E3-A33B-981E6F448E78}"
	ProjectSection(ProjectDependencies) = postProject
		{7B02CB19-4CDF-4F79-BC9B-7F3F6164A003} = {7B02CB19-4CDF-4F79-BC9B-7F3F6164A003}
		{E746FCA9-64C3-433E-85E8-9A5A67AB7ED6} = {E746FCA9-64C3-433E-85E8-9A5A67AB7ED6}
	EndProjectSection
EndProject
Project("{8BC9CEB8-8B4A-11D0-8D11-00A0C91BC942}") = "libEGL", "src\OpenGL\libEGL\libEGL.vcxproj", "{E746FCA9-64C3-433E-85E8-9A5A67AB7ED6}"
EndProject
Project("{8BC9CEB8-8B4A-11D0-8D11-00A0C91BC942}") = "Compiler", "src\OpenGL\compiler\Compiler.vcxproj", "{5B3A6DB8-1E7E-40D7-92B9-DA8AAE619FAD}"
EndProject
Project("{8BC9CEB8-8B4A-11D0-8D11-00A0C91BC942}") = "preprocessor", "src\OpenGL\compiler\preprocessor\preprocessor.vcxproj", "{92940255-AB4B-42FB-A2C4-0FAB19C3C48A}"
EndProject
Project("{8BC9CEB8-8B4A-11D0-8D11-00A0C91BC942}") = "libGLES_CM", "src\OpenGL\libGLES_CM\libGLES_CM.vcxproj", "{235B1D85-E6B6-45E2-BA5D-5C60396428FF}"
	ProjectSection(ProjectDependencies) = postProject
		{E746FCA9-64C3-433E-85E8-9A5A67AB7ED6} = {E746FCA9-64C3-433E-85E8-9A5A67AB7ED6}
	EndProjectSection
EndProject
Project("{2150E333-8FDC-42A3-9474-1A3956D46DE8}") = "Tools", "Tools", "{B7E24D8E-6BE9-4DEF-A8B9-6A6E60CA60E9}"
EndProject
Project("{8BC9CEB8-8B4A-11D0-8D11-00A0C91BC942}") = "D3D9", "src\D3D9\D3D9.vcxproj", "{F18D5ABF-CA3A-4B74-BDB2-4A1957C86F18}"
EndProject
Project("{8BC9CEB8-8B4A-11D0-8D11-00A0C91BC942}") = "OGLES2ChameleonMan", "third_party\PowerVR_SDK\Examples\Advanced\ChameleonMan\OGLES2\Build\WindowsVC2010\OGLES2ChameleonMan.vcxproj", "{9CF4408B-9B08-481F-95DA-3DF0846DABE4}"
	ProjectSection(ProjectDependencies) = postProject
		{B5871A7A-968C-42E3-A33B-981E6F448E78} = {B5871A7A-968C-42E3-A33B-981E6F448E78}
		{E746FCA9-64C3-433E-85E8-9A5A67AB7ED6} = {E746FCA9-64C3-433E-85E8-9A5A67AB7ED6}
	EndProjectSection
EndProject
Project("{8BC9CEB8-8B4A-11D0-8D11-00A0C91BC942}") = "OGLES2HelloAPI", "third_party\PowerVR_SDK\Examples\Beginner\01_HelloAPI\OGLES2\Build\WindowsVC2010\OGLES2HelloAPI.vcxproj", "{9DAFEE32-19F6-4410-AA09-2B564FB86F62}"
	ProjectSection(ProjectDependencies) = postProject
		{B5871A7A-968C-42E3-A33B-981E6F448E78} = {B5871A7A-968C-42E3-A33B-981E6F448E78}
		{E746FCA9-64C3-433E-85E8-9A5A67AB7ED6} = {E746FCA9-64C3-433E-85E8-9A5A67AB7ED6}
	EndProjectSection
EndProject
Project("{8BC9CEB8-8B4A-11D0-8D11-00A0C91BC942}") = "OGLESBasicTnL", "third_party\PowerVR_SDK\Examples\Beginner\04_BasicTnL\OGLES\Build\WindowsVC2010\OGLESBasicTnL.vcxproj", "{AB1EB229-D86C-41B3-8E20-7A7E1FF5DDF5}"
	ProjectSection(ProjectDependencies) = postProject
		{235B1D85-E6B6-45E2-BA5D-5C60396428FF} = {235B1D85-E6B6-45E2-BA5D-5C60396428FF}
		{E746FCA9-64C3-433E-85E8-9A5A67AB7ED6} = {E746FCA9-64C3-433E-85E8-9A5A67AB7ED6}
	EndProjectSection
EndProject
Project("{8BC9CEB8-8B4A-11D0-8D11-00A0C91BC942}") = "OGLES3ColourGrading", "third_party\PowerVR_SDK\Examples\Intermediate\ColourGrading\OGLES3\Build\WindowsVC2010\OGLES3ColourGrading.vcxproj", "{2EA5725B-25DA-44E2-B71E-BD9F55F3C2E2}"
	ProjectSection(ProjectDependencies) = postProject
		{B5871A7A-968C-42E3-A33B-981E6F448E78} = {B5871A7A-968C-42E3-A33B-981E6F448E78}
		{E746FCA9-64C3-433E-85E8-9A5A67AB7ED6} = {E746FCA9-64C3-433E-85E8-9A5A67AB7ED6}
	EndProjectSection
EndProject
Project("{8BC9CEB8-8B4A-11D0-8D11-00A0C91BC942}") = "OGLES2DisplacementMap", "third_party\PowerVR_SDK\Examples\Intermediate\DisplacementMap\OGLES2\Build\WindowsVC2010\OGLES2DisplacementMap.vcxproj", "{04FC5430-3F1B-42A2-A18A-D8BB7E5B2733}"
	ProjectSection(ProjectDependencies) = postProject
		{B5871A7A-968C-42E3-A33B-981E6F448E78} = {B5871A7A-968C-42E3-A33B-981E6F448E78}
		{E746FCA9-64C3-433E-85E8-9A5A67AB7ED6} = {E746FCA9-64C3-433E-85E8-9A5A67AB7ED6}
	EndProjectSection
EndProject
Project("{8BC9CEB8-8B4A-11D0-8D11-00A0C91BC942}") = "OGLES2Tools", "third_party\PowerVR_SDK\Tools\OGLES2\Build\WindowsVC2010\OGLES2Tools.vcxproj", "{09ABE661-9BC0-4152-A820-1FB0522CAC01}"
EndProject
Project("{8BC9CEB8-8B4A-11D0-8D11-00A0C91BC942}") = "OGLES3Tools", "third_party\PowerVR_SDK\Tools\OGLES3\Build\WindowsVC2010\OGLES3Tools.vcxproj", "{9088FC9E-9843-4E0D-85D0-1B657AFC480A}"
EndProject
Project("{8BC9CEB8-8B4A-11D0-8D11-00A0C91BC942}") = "D3D8", "src\D3D8\D3D8.vcxproj", "{F18D5ABF-CA3A-4B74-BDB2-4A1956C86F18}"
EndProject
Project("{8BC9CEB8-8B4A-11D0-8D11-00A0C91BC942}") = "Subzero", "src\Reactor\Subzero.vcxproj", "{0EB31AEC-B020-46AB-BA05-730F6D01C29B}"
EndProject
Project("{8BC9CEB8-8B4A-11D0-8D11-00A0C91BC942}") = "SubzeroLLVMDependencies", "src\Reactor\SubzeroLLVMDependencies.vcxproj", "{E3BBD7DA-45C1-43EF-9C87-3F411031BDE4}"
EndProject
Project("{8BC9CEB8-8B4A-11D0-8D11-00A0C91BC942}") = "GLESUnitTests", "tests\GLESUnitTests\GLESUnitTests.vcxproj", "{CF8EBC89-8762-49DC-9440-6C82B3499913}"
EndProject
Project("{8BC9CEB8-8B4A-11D0-8D11-00A0C91BC942}") = "VertexRoutineFuzzer", "tests\fuzzers\VertexRoutineFuzzer.vcxproj", "{FBDCFF88-0CE1-43C3-B694-8F45946FAFE3}"
	ProjectSection(ProjectDependencies) = postProject
		{7B02CB19-4CDF-4F79-BC9B-7F3F6164A003} = {7B02CB19-4CDF-4F79-BC9B-7F3F6164A003}
		{5B3A6DB8-1E7E-40D7-92B9-DA8AAE619FAD} = {5B3A6DB8-1E7E-40D7-92B9-DA8AAE619FAD}
	EndProjectSection
EndProject
Project("{8BC9CEB8-8B4A-11D0-8D11-00A0C91BC942}") = "ReactorUnitTests", "src\Reactor\ReactorUnitTests.vcxproj", "{4EC107AB-89E8-4A0B-8366-B3E81085AE07}"
EndProject
Project("{8BC9CEB8-8B4A-11D0-8D11-00A0C91BC942}") = "llvm", "build\Visual Studio 15 2017 Win64\llvm.vcxproj", "{481093B5-4EF0-391E-82FF-BB73CFCD3D51}"
EndProject
Project("{8BC9CEB8-8B4A-11D0-8D11-00A0C91BC942}") = "MathUnitTests", "tests\MathUnitTests\MathUnitTests.vcxproj", "{B4FDF21A-D945-40B2-B459-2A8707879980}"
EndProject
Global
	GlobalSection(SolutionConfigurationPlatforms) = preSolution
		Debug|x64 = Debug|x64
		Debug|x86 = Debug|x86
		Profile|x64 = Profile|x64
		Profile|x86 = Profile|x86
		Release|x64 = Release|x64
		Release|x86 = Release|x86
	EndGlobalSection
	GlobalSection(ProjectConfigurationPlatforms) = postSolution
		{7B02CB19-4CDF-4F79-BC9B-7F3F6164A003}.Debug|x64.ActiveCfg = Debug|x64
		{7B02CB19-4CDF-4F79-BC9B-7F3F6164A003}.Debug|x64.Build.0 = Debug|x64
		{7B02CB19-4CDF-4F79-BC9B-7F3F6164A003}.Debug|x86.ActiveCfg = Debug|Win32
		{7B02CB19-4CDF-4F79-BC9B-7F3F6164A003}.Debug|x86.Build.0 = Debug|Win32
		{7B02CB19-4CDF-4F79-BC9B-7F3F6164A003}.Profile|x64.ActiveCfg = Profile|x64
		{7B02CB19-4CDF-4F79-BC9B-7F3F6164A003}.Profile|x64.Build.0 = Profile|x64
		{7B02CB19-4CDF-4F79-BC9B-7F3F6164A003}.Profile|x86.ActiveCfg = Profile|Win32
		{7B02CB19-4CDF-4F79-BC9B-7F3F6164A003}.Profile|x86.Build.0 = Profile|Win32
		{7B02CB19-4CDF-4F79-BC9B-7F3F6164A003}.Release|x64.ActiveCfg = Release|x64
		{7B02CB19-4CDF-4F79-BC9B-7F3F6164A003}.Release|x64.Build.0 = Release|x64
		{7B02CB19-4CDF-4F79-BC9B-7F3F6164A003}.Release|x86.ActiveCfg = Release|Win32
		{7B02CB19-4CDF-4F79-BC9B-7F3F6164A003}.Release|x86.Build.0 = Release|Win32
		{28FD076D-10B5-4BD8-A4CF-F44C7002A803}.Debug|x64.ActiveCfg = Debug|x64
		{28FD076D-10B5-4BD8-A4CF-F44C7002A803}.Debug|x64.Build.0 = Debug|x64
		{28FD076D-10B5-4BD8-A4CF-F44C7002A803}.Debug|x86.ActiveCfg = Debug|Win32
		{28FD076D-10B5-4BD8-A4CF-F44C7002A803}.Debug|x86.Build.0 = Debug|Win32
		{28FD076D-10B5-4BD8-A4CF-F44C7002A803}.Profile|x64.ActiveCfg = Profile|x64
		{28FD076D-10B5-4BD8-A4CF-F44C7002A803}.Profile|x64.Build.0 = Profile|x64
		{28FD076D-10B5-4BD8-A4CF-F44C7002A803}.Profile|x86.ActiveCfg = Profile|Win32
		{28FD076D-10B5-4BD8-A4CF-F44C7002A803}.Profile|x86.Build.0 = Profile|Win32
		{28FD076D-10B5-4BD8-A4CF-F44C7002A803}.Release|x64.ActiveCfg = Release|x64
		{28FD076D-10B5-4BD8-A4CF-F44C7002A803}.Release|x64.Build.0 = Release|x64
		{28FD076D-10B5-4BD8-A4CF-F44C7002A803}.Release|x86.ActiveCfg = Release|Win32
		{28FD076D-10B5-4BD8-A4CF-F44C7002A803}.Release|x86.Build.0 = Release|Win32
		{B5871A7A-968C-42E3-A33B-981E6F448E78}.Debug|x64.ActiveCfg = Debug|x64
		{B5871A7A-968C-42E3-A33B-981E6F448E78}.Debug|x64.Build.0 = Debug|x64
		{B5871A7A-968C-42E3-A33B-981E6F448E78}.Debug|x86.ActiveCfg = Debug|Win32
		{B5871A7A-968C-42E3-A33B-981E6F448E78}.Debug|x86.Build.0 = Debug|Win32
		{B5871A7A-968C-42E3-A33B-981E6F448E78}.Profile|x64.ActiveCfg = Profile|x64
		{B5871A7A-968C-42E3-A33B-981E6F448E78}.Profile|x64.Build.0 = Profile|x64
		{B5871A7A-968C-42E3-A33B-981E6F448E78}.Profile|x86.ActiveCfg = Profile|Win32
		{B5871A7A-968C-42E3-A33B-981E6F448E78}.Profile|x86.Build.0 = Profile|Win32
		{B5871A7A-968C-42E3-A33B-981E6F448E78}.Release|x64.ActiveCfg = Release|x64
		{B5871A7A-968C-42E3-A33B-981E6F448E78}.Release|x64.Build.0 = Release|x64
		{B5871A7A-968C-42E3-A33B-981E6F448E78}.Release|x86.ActiveCfg = Release|Win32
		{B5871A7A-968C-42E3-A33B-981E6F448E78}.Release|x86.Build.0 = Release|Win32
		{E746FCA9-64C3-433E-85E8-9A5A67AB7ED6}.Debug|x64.ActiveCfg = Debug|x64
		{E746FCA9-64C3-433E-85E8-9A5A67AB7ED6}.Debug|x64.Build.0 = Debug|x64
		{E746FCA9-64C3-433E-85E8-9A5A67AB7ED6}.Debug|x86.ActiveCfg = Debug|Win32
		{E746FCA9-64C3-433E-85E8-9A5A67AB7ED6}.Debug|x86.Build.0 = Debug|Win32
		{E746FCA9-64C3-433E-85E8-9A5A67AB7ED6}.Profile|x64.ActiveCfg = Profile|x64
		{E746FCA9-64C3-433E-85E8-9A5A67AB7ED6}.Profile|x64.Build.0 = Profile|x64
		{E746FCA9-64C3-433E-85E8-9A5A67AB7ED6}.Profile|x86.ActiveCfg = Profile|Win32
		{E746FCA9-64C3-433E-85E8-9A5A67AB7ED6}.Profile|x86.Build.0 = Profile|Win32
		{E746FCA9-64C3-433E-85E8-9A5A67AB7ED6}.Release|x64.ActiveCfg = Release|x64
		{E746FCA9-64C3-433E-85E8-9A5A67AB7ED6}.Release|x64.Build.0 = Release|x64
		{E746FCA9-64C3-433E-85E8-9A5A67AB7ED6}.Release|x86.ActiveCfg = Release|Win32
		{E746FCA9-64C3-433E-85E8-9A5A67AB7ED6}.Release|x86.Build.0 = Release|Win32
		{5B3A6DB8-1E7E-40D7-92B9-DA8AAE619FAD}.Debug|x64.ActiveCfg = Debug|x64
		{5B3A6DB8-1E7E-40D7-92B9-DA8AAE619FAD}.Debug|x64.Build.0 = Debug|x64
		{5B3A6DB8-1E7E-40D7-92B9-DA8AAE619FAD}.Debug|x86.ActiveCfg = Debug|Win32
		{5B3A6DB8-1E7E-40D7-92B9-DA8AAE619FAD}.Debug|x86.Build.0 = Debug|Win32
		{5B3A6DB8-1E7E-40D7-92B9-DA8AAE619FAD}.Profile|x64.ActiveCfg = Profile|x64
		{5B3A6DB8-1E7E-40D7-92B9-DA8AAE619FAD}.Profile|x64.Build.0 = Profile|x64
		{5B3A6DB8-1E7E-40D7-92B9-DA8AAE619FAD}.Profile|x86.ActiveCfg = Profile|Win32
		{5B3A6DB8-1E7E-40D7-92B9-DA8AAE619FAD}.Profile|x86.Build.0 = Profile|Win32
		{5B3A6DB8-1E7E-40D7-92B9-DA8AAE619FAD}.Release|x64.ActiveCfg = Release|x64
		{5B3A6DB8-1E7E-40D7-92B9-DA8AAE619FAD}.Release|x64.Build.0 = Release|x64
		{5B3A6DB8-1E7E-40D7-92B9-DA8AAE619FAD}.Release|x86.ActiveCfg = Release|Win32
		{5B3A6DB8-1E7E-40D7-92B9-DA8AAE619FAD}.Release|x86.Build.0 = Release|Win32
		{92940255-AB4B-42FB-A2C4-0FAB19C3C48A}.Debug|x64.ActiveCfg = Debug|x64
		{92940255-AB4B-42FB-A2C4-0FAB19C3C48A}.Debug|x64.Build.0 = Debug|x64
		{92940255-AB4B-42FB-A2C4-0FAB19C3C48A}.Debug|x86.ActiveCfg = Debug|Win32
		{92940255-AB4B-42FB-A2C4-0FAB19C3C48A}.Debug|x86.Build.0 = Debug|Win32
		{92940255-AB4B-42FB-A2C4-0FAB19C3C48A}.Profile|x64.ActiveCfg = Release|x64
		{92940255-AB4B-42FB-A2C4-0FAB19C3C48A}.Profile|x64.Build.0 = Release|x64
		{92940255-AB4B-42FB-A2C4-0FAB19C3C48A}.Profile|x86.ActiveCfg = Release|Win32
		{92940255-AB4B-42FB-A2C4-0FAB19C3C48A}.Profile|x86.Build.0 = Release|Win32
		{92940255-AB4B-42FB-A2C4-0FAB19C3C48A}.Release|x64.ActiveCfg = Release|x64
		{92940255-AB4B-42FB-A2C4-0FAB19C3C48A}.Release|x64.Build.0 = Release|x64
		{92940255-AB4B-42FB-A2C4-0FAB19C3C48A}.Release|x86.ActiveCfg = Release|Win32
		{92940255-AB4B-42FB-A2C4-0FAB19C3C48A}.Release|x86.Build.0 = Release|Win32
		{235B1D85-E6B6-45E2-BA5D-5C60396428FF}.Debug|x64.ActiveCfg = Debug|x64
		{235B1D85-E6B6-45E2-BA5D-5C60396428FF}.Debug|x64.Build.0 = Debug|x64
		{235B1D85-E6B6-45E2-BA5D-5C60396428FF}.Debug|x86.ActiveCfg = Debug|Win32
		{235B1D85-E6B6-45E2-BA5D-5C60396428FF}.Debug|x86.Build.0 = Debug|Win32
		{235B1D85-E6B6-45E2-BA5D-5C60396428FF}.Profile|x64.ActiveCfg = Profile|x64
		{235B1D85-E6B6-45E2-BA5D-5C60396428FF}.Profile|x64.Build.0 = Profile|x64
		{235B1D85-E6B6-45E2-BA5D-5C60396428FF}.Profile|x86.ActiveCfg = Profile|Win32
		{235B1D85-E6B6-45E2-BA5D-5C60396428FF}.Profile|x86.Build.0 = Profile|Win32
		{235B1D85-E6B6-45E2-BA5D-5C60396428FF}.Release|x64.ActiveCfg = Release|x64
		{235B1D85-E6B6-45E2-BA5D-5C60396428FF}.Release|x64.Build.0 = Release|x64
		{235B1D85-E6B6-45E2-BA5D-5C60396428FF}.Release|x86.ActiveCfg = Release|Win32
		{235B1D85-E6B6-45E2-BA5D-5C60396428FF}.Release|x86.Build.0 = Release|Win32
		{F18D5ABF-CA3A-4B74-BDB2-4A1957C86F18}.Debug|x64.ActiveCfg = Debug|x64
		{F18D5ABF-CA3A-4B74-BDB2-4A1957C86F18}.Debug|x64.Build.0 = Debug|x64
		{F18D5ABF-CA3A-4B74-BDB2-4A1957C86F18}.Debug|x86.ActiveCfg = Debug|Win32
		{F18D5ABF-CA3A-4B74-BDB2-4A1957C86F18}.Debug|x86.Build.0 = Debug|Win32
		{F18D5ABF-CA3A-4B74-BDB2-4A1957C86F18}.Profile|x64.ActiveCfg = Profile|x64
		{F18D5ABF-CA3A-4B74-BDB2-4A1957C86F18}.Profile|x64.Build.0 = Profile|x64
		{F18D5ABF-CA3A-4B74-BDB2-4A1957C86F18}.Profile|x86.ActiveCfg = Profile|Win32
		{F18D5ABF-CA3A-4B74-BDB2-4A1957C86F18}.Profile|x86.Build.0 = Profile|Win32
		{F18D5ABF-CA3A-4B74-BDB2-4A1957C86F18}.Release|x64.ActiveCfg = Release|x64
		{F18D5ABF-CA3A-4B74-BDB2-4A1957C86F18}.Release|x64.Build.0 = Release|x64
		{F18D5ABF-CA3A-4B74-BDB2-4A1957C86F18}.Release|x86.ActiveCfg = Release|Win32
		{F18D5ABF-CA3A-4B74-BDB2-4A1957C86F18}.Release|x86.Build.0 = Release|Win32
		{9CF4408B-9B08-481F-95DA-3DF0846DABE4}.Debug|x64.ActiveCfg = Debug|x64
		{9CF4408B-9B08-481F-95DA-3DF0846DABE4}.Debug|x64.Build.0 = Debug|x64
		{9CF4408B-9B08-481F-95DA-3DF0846DABE4}.Debug|x86.ActiveCfg = Debug|Win32
		{9CF4408B-9B08-481F-95DA-3DF0846DABE4}.Debug|x86.Build.0 = Debug|Win32
		{9CF4408B-9B08-481F-95DA-3DF0846DABE4}.Profile|x64.ActiveCfg = Release|x64
		{9CF4408B-9B08-481F-95DA-3DF0846DABE4}.Profile|x64.Build.0 = Release|x64
		{9CF4408B-9B08-481F-95DA-3DF0846DABE4}.Profile|x86.ActiveCfg = Release|Win32
		{9CF4408B-9B08-481F-95DA-3DF0846DABE4}.Profile|x86.Build.0 = Release|Win32
		{9CF4408B-9B08-481F-95DA-3DF0846DABE4}.Release|x64.ActiveCfg = Release|x64
		{9CF4408B-9B08-481F-95DA-3DF0846DABE4}.Release|x64.Build.0 = Release|x64
		{9CF4408B-9B08-481F-95DA-3DF0846DABE4}.Release|x86.ActiveCfg = Release|Win32
		{9CF4408B-9B08-481F-95DA-3DF0846DABE4}.Release|x86.Build.0 = Release|Win32
		{9DAFEE32-19F6-4410-AA09-2B564FB86F62}.Debug|x64.ActiveCfg = Debug|x64
		{9DAFEE32-19F6-4410-AA09-2B564FB86F62}.Debug|x64.Build.0 = Debug|x64
		{9DAFEE32-19F6-4410-AA09-2B564FB86F62}.Debug|x86.ActiveCfg = Debug|Win32
		{9DAFEE32-19F6-4410-AA09-2B564FB86F62}.Debug|x86.Build.0 = Debug|Win32
		{9DAFEE32-19F6-4410-AA09-2B564FB86F62}.Profile|x64.ActiveCfg = Release|x64
		{9DAFEE32-19F6-4410-AA09-2B564FB86F62}.Profile|x64.Build.0 = Release|x64
		{9DAFEE32-19F6-4410-AA09-2B564FB86F62}.Profile|x86.ActiveCfg = Release|Win32
		{9DAFEE32-19F6-4410-AA09-2B564FB86F62}.Profile|x86.Build.0 = Release|Win32
		{9DAFEE32-19F6-4410-AA09-2B564FB86F62}.Release|x64.ActiveCfg = Release|x64
		{9DAFEE32-19F6-4410-AA09-2B564FB86F62}.Release|x64.Build.0 = Release|x64
		{9DAFEE32-19F6-4410-AA09-2B564FB86F62}.Release|x86.ActiveCfg = Release|Win32
		{9DAFEE32-19F6-4410-AA09-2B564FB86F62}.Release|x86.Build.0 = Release|Win32
		{AB1EB229-D86C-41B3-8E20-7A7E1FF5DDF5}.Debug|x64.ActiveCfg = Debug|x64
		{AB1EB229-D86C-41B3-8E20-7A7E1FF5DDF5}.Debug|x64.Build.0 = Debug|x64
		{AB1EB229-D86C-41B3-8E20-7A7E1FF5DDF5}.Debug|x86.ActiveCfg = Debug|Win32
		{AB1EB229-D86C-41B3-8E20-7A7E1FF5DDF5}.Debug|x86.Build.0 = Debug|Win32
		{AB1EB229-D86C-41B3-8E20-7A7E1FF5DDF5}.Profile|x64.ActiveCfg = Release|x64
		{AB1EB229-D86C-41B3-8E20-7A7E1FF5DDF5}.Profile|x64.Build.0 = Release|x64
		{AB1EB229-D86C-41B3-8E20-7A7E1FF5DDF5}.Profile|x86.ActiveCfg = Release|Win32
		{AB1EB229-D86C-41B3-8E20-7A7E1FF5DDF5}.Profile|x86.Build.0 = Release|Win32
		{AB1EB229-D86C-41B3-8E20-7A7E1FF5DDF5}.Release|x64.ActiveCfg = Release|x64
		{AB1EB229-D86C-41B3-8E20-7A7E1FF5DDF5}.Release|x64.Build.0 = Release|x64
		{AB1EB229-D86C-41B3-8E20-7A7E1FF5DDF5}.Release|x86.ActiveCfg = Release|Win32
		{AB1EB229-D86C-41B3-8E20-7A7E1FF5DDF5}.Release|x86.Build.0 = Release|Win32
		{2EA5725B-25DA-44E2-B71E-BD9F55F3C2E2}.Debug|x64.ActiveCfg = Debug|x64
		{2EA5725B-25DA-44E2-B71E-BD9F55F3C2E2}.Debug|x64.Build.0 = Debug|x64
		{2EA5725B-25DA-44E2-B71E-BD9F55F3C2E2}.Debug|x86.ActiveCfg = Debug|Win32
		{2EA5725B-25DA-44E2-B71E-BD9F55F3C2E2}.Debug|x86.Build.0 = Debug|Win32
		{2EA5725B-25DA-44E2-B71E-BD9F55F3C2E2}.Profile|x64.ActiveCfg = Release|x64
		{2EA5725B-25DA-44E2-B71E-BD9F55F3C2E2}.Profile|x64.Build.0 = Release|x64
		{2EA5725B-25DA-44E2-B71E-BD9F55F3C2E2}.Profile|x86.ActiveCfg = Release|Win32
		{2EA5725B-25DA-44E2-B71E-BD9F55F3C2E2}.Profile|x86.Build.0 = Release|Win32
		{2EA5725B-25DA-44E2-B71E-BD9F55F3C2E2}.Release|x64.ActiveCfg = Release|x64
		{2EA5725B-25DA-44E2-B71E-BD9F55F3C2E2}.Release|x64.Build.0 = Release|x64
		{2EA5725B-25DA-44E2-B71E-BD9F55F3C2E2}.Release|x86.ActiveCfg = Release|Win32
		{2EA5725B-25DA-44E2-B71E-BD9F55F3C2E2}.Release|x86.Build.0 = Release|Win32
		{04FC5430-3F1B-42A2-A18A-D8BB7E5B2733}.Debug|x64.ActiveCfg = Debug|x64
		{04FC5430-3F1B-42A2-A18A-D8BB7E5B2733}.Debug|x64.Build.0 = Debug|x64
		{04FC5430-3F1B-42A2-A18A-D8BB7E5B2733}.Debug|x86.ActiveCfg = Debug|Win32
		{04FC5430-3F1B-42A2-A18A-D8BB7E5B2733}.Debug|x86.Build.0 = Debug|Win32
		{04FC5430-3F1B-42A2-A18A-D8BB7E5B2733}.Profile|x64.ActiveCfg = Release|x64
		{04FC5430-3F1B-42A2-A18A-D8BB7E5B2733}.Profile|x64.Build.0 = Release|x64
		{04FC5430-3F1B-42A2-A18A-D8BB7E5B2733}.Profile|x86.ActiveCfg = Release|Win32
		{04FC5430-3F1B-42A2-A18A-D8BB7E5B2733}.Profile|x86.Build.0 = Release|Win32
		{04FC5430-3F1B-42A2-A18A-D8BB7E5B2733}.Release|x64.ActiveCfg = Release|x64
		{04FC5430-3F1B-42A2-A18A-D8BB7E5B2733}.Release|x64.Build.0 = Release|x64
		{04FC5430-3F1B-42A2-A18A-D8BB7E5B2733}.Release|x86.ActiveCfg = Release|Win32
		{04FC5430-3F1B-42A2-A18A-D8BB7E5B2733}.Release|x86.Build.0 = Release|Win32
		{09ABE661-9BC0-4152-A820-1FB0522CAC01}.Debug|x64.ActiveCfg = Debug|x64
		{09ABE661-9BC0-4152-A820-1FB0522CAC01}.Debug|x64.Build.0 = Debug|x64
		{09ABE661-9BC0-4152-A820-1FB0522CAC01}.Debug|x86.ActiveCfg = Debug|Win32
		{09ABE661-9BC0-4152-A820-1FB0522CAC01}.Debug|x86.Build.0 = Debug|Win32
		{09ABE661-9BC0-4152-A820-1FB0522CAC01}.Profile|x64.ActiveCfg = Release|x64
		{09ABE661-9BC0-4152-A820-1FB0522CAC01}.Profile|x64.Build.0 = Release|x64
		{09ABE661-9BC0-4152-A820-1FB0522CAC01}.Profile|x86.ActiveCfg = Release|Win32
		{09ABE661-9BC0-4152-A820-1FB0522CAC01}.Profile|x86.Build.0 = Release|Win32
		{09ABE661-9BC0-4152-A820-1FB0522CAC01}.Release|x64.ActiveCfg = Release|x64
		{09ABE661-9BC0-4152-A820-1FB0522CAC01}.Release|x64.Build.0 = Release|x64
		{09ABE661-9BC0-4152-A820-1FB0522CAC01}.Release|x86.ActiveCfg = Release|Win32
		{09ABE661-9BC0-4152-A820-1FB0522CAC01}.Release|x86.Build.0 = Release|Win32
		{9088FC9E-9843-4E0D-85D0-1B657AFC480A}.Debug|x64.ActiveCfg = Debug|x64
		{9088FC9E-9843-4E0D-85D0-1B657AFC480A}.Debug|x64.Build.0 = Debug|x64
		{9088FC9E-9843-4E0D-85D0-1B657AFC480A}.Debug|x86.ActiveCfg = Debug|Win32
		{9088FC9E-9843-4E0D-85D0-1B657AFC480A}.Debug|x86.Build.0 = Debug|Win32
		{9088FC9E-9843-4E0D-85D0-1B657AFC480A}.Profile|x64.ActiveCfg = Release|x64
		{9088FC9E-9843-4E0D-85D0-1B657AFC480A}.Profile|x64.Build.0 = Release|x64
		{9088FC9E-9843-4E0D-85D0-1B657AFC480A}.Profile|x86.ActiveCfg = Release|Win32
		{9088FC9E-9843-4E0D-85D0-1B657AFC480A}.Profile|x86.Build.0 = Release|Win32
		{9088FC9E-9843-4E0D-85D0-1B657AFC480A}.Release|x64.ActiveCfg = Release|x64
		{9088FC9E-9843-4E0D-85D0-1B657AFC480A}.Release|x64.Build.0 = Release|x64
		{9088FC9E-9843-4E0D-85D0-1B657AFC480A}.Release|x86.ActiveCfg = Release|Win32
		{9088FC9E-9843-4E0D-85D0-1B657AFC480A}.Release|x86.Build.0 = Release|Win32
		{F18D5ABF-CA3A-4B74-BDB2-4A1956C86F18}.Debug|x64.ActiveCfg = Debug|Win32
		{F18D5ABF-CA3A-4B74-BDB2-4A1956C86F18}.Debug|x86.ActiveCfg = Debug|Win32
		{F18D5ABF-CA3A-4B74-BDB2-4A1956C86F18}.Debug|x86.Build.0 = Debug|Win32
		{F18D5ABF-CA3A-4B74-BDB2-4A1956C86F18}.Profile|x64.ActiveCfg = Profile|Win32
		{F18D5ABF-CA3A-4B74-BDB2-4A1956C86F18}.Profile|x86.ActiveCfg = Profile|Win32
		{F18D5ABF-CA3A-4B74-BDB2-4A1956C86F18}.Profile|x86.Build.0 = Profile|Win32
		{F18D5ABF-CA3A-4B74-BDB2-4A1956C86F18}.Release|x64.ActiveCfg = Release|Win32
		{F18D5ABF-CA3A-4B74-BDB2-4A1956C86F18}.Release|x86.ActiveCfg = Release|Win32
		{F18D5ABF-CA3A-4B74-BDB2-4A1956C86F18}.Release|x86.Build.0 = Release|Win32
		{0EB31AEC-B020-46AB-BA05-730F6D01C29B}.Debug|x64.ActiveCfg = Debug|x64
		{0EB31AEC-B020-46AB-BA05-730F6D01C29B}.Debug|x64.Build.0 = Debug|x64
		{0EB31AEC-B020-46AB-BA05-730F6D01C29B}.Debug|x86.ActiveCfg = Debug|Win32
		{0EB31AEC-B020-46AB-BA05-730F6D01C29B}.Debug|x86.Build.0 = Debug|Win32
		{0EB31AEC-B020-46AB-BA05-730F6D01C29B}.Profile|x64.ActiveCfg = Release|x64
		{0EB31AEC-B020-46AB-BA05-730F6D01C29B}.Profile|x64.Build.0 = Release|x64
		{0EB31AEC-B020-46AB-BA05-730F6D01C29B}.Profile|x86.ActiveCfg = Release|Win32
		{0EB31AEC-B020-46AB-BA05-730F6D01C29B}.Profile|x86.Build.0 = Release|Win32
		{0EB31AEC-B020-46AB-BA05-730F6D01C29B}.Release|x64.ActiveCfg = Release|x64
		{0EB31AEC-B020-46AB-BA05-730F6D01C29B}.Release|x64.Build.0 = Release|x64
		{0EB31AEC-B020-46AB-BA05-730F6D01C29B}.Release|x86.ActiveCfg = Release|Win32
		{0EB31AEC-B020-46AB-BA05-730F6D01C29B}.Release|x86.Build.0 = Release|Win32
		{E3BBD7DA-45C1-43EF-9C87-3F411031BDE4}.Debug|x64.ActiveCfg = Debug|x64
		{E3BBD7DA-45C1-43EF-9C87-3F411031BDE4}.Debug|x64.Build.0 = Debug|x64
		{E3BBD7DA-45C1-43EF-9C87-3F411031BDE4}.Debug|x86.ActiveCfg = Debug|Win32
		{E3BBD7DA-45C1-43EF-9C87-3F411031BDE4}.Debug|x86.Build.0 = Debug|Win32
		{E3BBD7DA-45C1-43EF-9C87-3F411031BDE4}.Profile|x64.ActiveCfg = Release|x64
		{E3BBD7DA-45C1-43EF-9C87-3F411031BDE4}.Profile|x64.Build.0 = Release|x64
		{E3BBD7DA-45C1-43EF-9C87-3F411031BDE4}.Profile|x86.ActiveCfg = Release|Win32
		{E3BBD7DA-45C1-43EF-9C87-3F411031BDE4}.Profile|x86.Build.0 = Release|Win32
		{E3BBD7DA-45C1-43EF-9C87-3F411031BDE4}.Release|x64.ActiveCfg = Release|x64
		{E3BBD7DA-45C1-43EF-9C87-3F411031BDE4}.Release|x64.Build.0 = Release|x64
		{E3BBD7DA-45C1-43EF-9C87-3F411031BDE4}.Release|x86.ActiveCfg = Release|Win32
		{E3BBD7DA-45C1-43EF-9C87-3F411031BDE4}.Release|x86.Build.0 = Release|Win32
		{CF8EBC89-8762-49DC-9440-6C82B3499913}.Debug|x64.ActiveCfg = Debug|x64
		{CF8EBC89-8762-49DC-9440-6C82B3499913}.Debug|x64.Build.0 = Debug|x64
		{CF8EBC89-8762-49DC-9440-6C82B3499913}.Debug|x86.ActiveCfg = Debug|Win32
		{CF8EBC89-8762-49DC-9440-6C82B3499913}.Debug|x86.Build.0 = Debug|Win32
		{CF8EBC89-8762-49DC-9440-6C82B3499913}.Profile|x64.ActiveCfg = Release|x64
		{CF8EBC89-8762-49DC-9440-6C82B3499913}.Profile|x64.Build.0 = Release|x64
		{CF8EBC89-8762-49DC-9440-6C82B3499913}.Profile|x86.ActiveCfg = Release|Win32
		{CF8EBC89-8762-49DC-9440-6C82B3499913}.Profile|x86.Build.0 = Release|Win32
		{CF8EBC89-8762-49DC-9440-6C82B3499913}.Release|x64.ActiveCfg = Release|x64
		{CF8EBC89-8762-49DC-9440-6C82B3499913}.Release|x64.Build.0 = Release|x64
		{CF8EBC89-8762-49DC-9440-6C82B3499913}.Release|x86.ActiveCfg = Release|Win32
		{CF8EBC89-8762-49DC-9440-6C82B3499913}.Release|x86.Build.0 = Release|Win32
		{FBDCFF88-0CE1-43C3-B694-8F45946FAFE3}.Debug|x64.ActiveCfg = Debug|x64
		{FBDCFF88-0CE1-43C3-B694-8F45946FAFE3}.Debug|x64.Build.0 = Debug|x64
		{FBDCFF88-0CE1-43C3-B694-8F45946FAFE3}.Debug|x86.ActiveCfg = Debug|Win32
		{FBDCFF88-0CE1-43C3-B694-8F45946FAFE3}.Debug|x86.Build.0 = Debug|Win32
		{FBDCFF88-0CE1-43C3-B694-8F45946FAFE3}.Profile|x64.ActiveCfg = Release|x64
		{FBDCFF88-0CE1-43C3-B694-8F45946FAFE3}.Profile|x64.Build.0 = Release|x64
		{FBDCFF88-0CE1-43C3-B694-8F45946FAFE3}.Profile|x86.ActiveCfg = Release|Win32
		{FBDCFF88-0CE1-43C3-B694-8F45946FAFE3}.Profile|x86.Build.0 = Release|Win32
		{FBDCFF88-0CE1-43C3-B694-8F45946FAFE3}.Release|x64.ActiveCfg = Release|x64
		{FBDCFF88-0CE1-43C3-B694-8F45946FAFE3}.Release|x64.Build.0 = Release|x64
		{FBDCFF88-0CE1-43C3-B694-8F45946FAFE3}.Release|x86.ActiveCfg = Release|Win32
		{FBDCFF88-0CE1-43C3-B694-8F45946FAFE3}.Release|x86.Build.0 = Release|Win32
		{4EC107AB-89E8-4A0B-8366-B3E81085AE07}.Debug|x64.ActiveCfg = Debug|x64
		{4EC107AB-89E8-4A0B-8366-B3E81085AE07}.Debug|x64.Build.0 = Debug|x64
		{4EC107AB-89E8-4A0B-8366-B3E81085AE07}.Debug|x86.ActiveCfg = Debug|Win32
		{4EC107AB-89E8-4A0B-8366-B3E81085AE07}.Debug|x86.Build.0 = Debug|Win32
		{4EC107AB-89E8-4A0B-8366-B3E81085AE07}.Profile|x64.ActiveCfg = Release|x64
		{4EC107AB-89E8-4A0B-8366-B3E81085AE07}.Profile|x64.Build.0 = Release|x64
		{4EC107AB-89E8-4A0B-8366-B3E81085AE07}.Profile|x86.ActiveCfg = Release|Win32
		{4EC107AB-89E8-4A0B-8366-B3E81085AE07}.Profile|x86.Build.0 = Release|Win32
		{4EC107AB-89E8-4A0B-8366-B3E81085AE07}.Release|x64.ActiveCfg = Release|x64
		{4EC107AB-89E8-4A0B-8366-B3E81085AE07}.Release|x64.Build.0 = Release|x64
		{4EC107AB-89E8-4A0B-8366-B3E81085AE07}.Release|x86.ActiveCfg = Release|Win32
		{4EC107AB-89E8-4A0B-8366-B3E81085AE07}.Release|x86.Build.0 = Release|Win32
		{481093B5-4EF0-391E-82FF-BB73CFCD3D51}.Debug|x64.ActiveCfg = Debug|x64
		{481093B5-4EF0-391E-82FF-BB73CFCD3D51}.Debug|x64.Build.0 = Debug|x64
		{481093B5-4EF0-391E-82FF-BB73CFCD3D51}.Debug|x86.ActiveCfg = Debug|x64
		{481093B5-4EF0-391E-82FF-BB73CFCD3D51}.Profile|x64.ActiveCfg = Release|x64
		{481093B5-4EF0-391E-82FF-BB73CFCD3D51}.Profile|x64.Build.0 = Release|x64
		{481093B5-4EF0-391E-82FF-BB73CFCD3D51}.Profile|x86.ActiveCfg = Release|x64
		{481093B5-4EF0-391E-82FF-BB73CFCD3D51}.Profile|x86.Build.0 = Release|x64
		{481093B5-4EF0-391E-82FF-BB73CFCD3D51}.Release|x64.ActiveCfg = Release|x64
		{481093B5-4EF0-391E-82FF-BB73CFCD3D51}.Release|x64.Build.0 = Release|x64
		{481093B5-4EF0-391E-82FF-BB73CFCD3D51}.Release|x86.ActiveCfg = Release|x64
		{B4FDF21A-D945-40B2-B459-2A8707879980}.Debug|x64.ActiveCfg = Debug|x64
		{B4FDF21A-D945-40B2-B459-2A8707879980}.Debug|x64.Build.0 = Debug|x64
		{B4FDF21A-D945-40B2-B459-2A8707879980}.Debug|x86.ActiveCfg = Debug|Win32
		{B4FDF21A-D945-40B2-B459-2A8707879980}.Debug|x86.Build.0 = Debug|Win32
		{B4FDF21A-D945-40B2-B459-2A8707879980}.Profile|x64.ActiveCfg = Release|x64
		{B4FDF21A-D945-40B2-B459-2A8707879980}.Profile|x64.Build.0 = Release|x64
		{B4FDF21A-D945-40B2-B459-2A8707879980}.Profile|x86.ActiveCfg = Release|Win32
		{B4FDF21A-D945-40B2-B459-2A8707879980}.Profile|x86.Build.0 = Release|Win32
		{B4FDF21A-D945-40B2-B459-2A8707879980}.Release|x64.ActiveCfg = Release|x64
		{B4FDF21A-D945-40B2-B459-2A8707879980}.Release|x64.Build.0 = Release|x64
		{B4FDF21A-D945-40B2-B459-2A8707879980}.Release|x86.ActiveCfg = Release|Win32
		{B4FDF21A-D945-40B2-B459-2A8707879980}.Release|x86.Build.0 = Release|Win32
	EndGlobalSection
	GlobalSection(SolutionProperties) = preSolution
		HideSolutionNode = FALSE
	EndGlobalSection
	GlobalSection(NestedProjects) = preSolution
		{B5871A7A-968C-42E3-A33B-981E6F448E78} = {D33114D7-E582-4D61-B27D-FAB0297C43FF}
		{E746FCA9-64C3-433E-85E8-9A5A67AB7ED6} = {D33114D7-E582-4D61-B27D-FAB0297C43FF}
		{5B3A6DB8-1E7E-40D7-92B9-DA8AAE619FAD} = {D33114D7-E582-4D61-B27D-FAB0297C43FF}
		{92940255-AB4B-42FB-A2C4-0FAB19C3C48A} = {D33114D7-E582-4D61-B27D-FAB0297C43FF}
		{235B1D85-E6B6-45E2-BA5D-5C60396428FF} = {D33114D7-E582-4D61-B27D-FAB0297C43FF}
		{B7E24D8E-6BE9-4DEF-A8B9-6A6E60CA60E9} = {ED25C308-5BDB-43A7-BED6-C2C059FC2D7D}
		{9CF4408B-9B08-481F-95DA-3DF0846DABE4} = {ED25C308-5BDB-43A7-BED6-C2C059FC2D7D}
		{9DAFEE32-19F6-4410-AA09-2B564FB86F62} = {ED25C308-5BDB-43A7-BED6-C2C059FC2D7D}
		{AB1EB229-D86C-41B3-8E20-7A7E1FF5DDF5} = {ED25C308-5BDB-43A7-BED6-C2C059FC2D7D}
		{2EA5725B-25DA-44E2-B71E-BD9F55F3C2E2} = {ED25C308-5BDB-43A7-BED6-C2C059FC2D7D}
		{04FC5430-3F1B-42A2-A18A-D8BB7E5B2733} = {ED25C308-5BDB-43A7-BED6-C2C059FC2D7D}
		{09ABE661-9BC0-4152-A820-1FB0522CAC01} = {B7E24D8E-6BE9-4DEF-A8B9-6A6E60CA60E9}
		{9088FC9E-9843-4E0D-85D0-1B657AFC480A} = {B7E24D8E-6BE9-4DEF-A8B9-6A6E60CA60E9}
		{CF8EBC89-8762-49DC-9440-6C82B3499913} = {ED25C308-5BDB-43A7-BED6-C2C059FC2D7D}
		{FBDCFF88-0CE1-43C3-B694-8F45946FAFE3} = {ED25C308-5BDB-43A7-BED6-C2C059FC2D7D}
		{4EC107AB-89E8-4A0B-8366-B3E81085AE07} = {ED25C308-5BDB-43A7-BED6-C2C059FC2D7D}
		{481093B5-4EF0-391E-82FF-BB73CFCD3D51} = {B408B98A-E888-4ECF-81E0-7A37A6854B17}
		{B4FDF21A-D945-40B2-B459-2A8707879980} = {ED25C308-5BDB-43A7-BED6-C2C059FC2D7D}
	EndGlobalSection
	GlobalSection(ExtensibilityGlobals) = postSolution
		SolutionGuid = {4DF423D2-8425-48A7-9CEC-835C4C3CA957}
	EndGlobalSection
EndGlobal
