<?xml version="1.0" encoding="utf-8"?>
<Project ToolsVersion="4.0" xmlns="http://schemas.microsoft.com/developer/msbuild/2003">
  <ItemGroup>
    <Filter Include="Source Files">
      <UniqueIdentifier>{4FC737F1-C7A5-4376-A066-2A32D752A2FF}</UniqueIdentifier>
      <Extensions>cpp;c;cc;cxx;def;odl;idl;hpj;bat;asm;asmx</Extensions>
    </Filter>
    <Filter Include="Header Files">
      <UniqueIdentifier>{93995380-89BD-4b04-88EB-625FBE52EBFB}</UniqueIdentifier>
      <Extensions>h;hh;hpp;hxx;hm;inl;inc;xsd</Extensions>
    </Filter>
    <Filter Include="Resource Files">
      <UniqueIdentifier>{67DA6AB6-F800-4c08-8B7A-83BB121AAD01}</UniqueIdentifier>
      <Extensions>rc;ico;cur;bmp;dlg;rc2;rct;bin;rgs;gif;jpg;jpeg;jpe;resx;tiff;tif;png;wav;mfcribbon-ms</Extensions>
    </Filter>
    <Filter Include="Header Files\System">
      <UniqueIdentifier>{418e1cb0-43cc-48db-a593-e2bcad00c8b7}</UniqueIdentifier>
    </Filter>
    <Filter Include="Header Files\WSI">
      <UniqueIdentifier>{18e0b347-5c1c-41a2-9cee-e32b367ac198}</UniqueIdentifier>
    </Filter>
    <Filter Include="Header Files\Pipeline">
      <UniqueIdentifier>{ab31f9cb-85bf-4ad3-8ee0-1810977a5944}</UniqueIdentifier>
    </Filter>
    <Filter Include="Header Files\Vulkan">
      <UniqueIdentifier>{eae937f9-88b4-4bd4-ba7b-bb4a4dcdaf52}</UniqueIdentifier>
    </Filter>
    <Filter Include="Header Files\Device">
      <UniqueIdentifier>{31e80f94-e9d4-42cf-97b1-58bda4d1ab31}</UniqueIdentifier>
    </Filter>
    <Filter Include="Source Files\System">
      <UniqueIdentifier>{c9884906-cd72-4adb-9641-d72660051aa3}</UniqueIdentifier>
    </Filter>
    <Filter Include="Source Files\WSI">
      <UniqueIdentifier>{972c7616-8e16-4187-b855-ec1cad06cc26}</UniqueIdentifier>
    </Filter>
    <Filter Include="Source Files\Pipeline">
      <UniqueIdentifier>{b9ad5e13-0a3f-419c-b1e7-52028d4b6785}</UniqueIdentifier>
    </Filter>
    <Filter Include="Source Files\Vulkan">
      <UniqueIdentifier>{bf65a604-51e1-494d-926e-6852a115fb76}</UniqueIdentifier>
    </Filter>
    <Filter Include="Source Files\Device">
      <UniqueIdentifier>{3fd774af-dfbe-40e2-9944-a85206cf00ee}</UniqueIdentifier>
    </Filter>
  </ItemGroup>
  <ItemGroup>
    <ClCompile Include="..\Device\VertexProcessor.cpp">
      <Filter>Source Files\Device</Filter>
    </ClCompile>
    <ClCompile Include="..\Device\Vector.cpp">
      <Filter>Source Files\Device</Filter>
    </ClCompile>
    <ClCompile Include="..\Device\SetupProcessor.cpp">
      <Filter>Source Files\Device</Filter>
    </ClCompile>
    <ClCompile Include="..\Device\Renderer.cpp">
      <Filter>Source Files\Device</Filter>
    </ClCompile>
    <ClCompile Include="..\Device\QuadRasterizer.cpp">
      <Filter>Source Files\Device</Filter>
    </ClCompile>
    <ClCompile Include="..\Device\Point.cpp">
      <Filter>Source Files\Device</Filter>
    </ClCompile>
    <ClCompile Include="..\Device\Plane.cpp">
      <Filter>Source Files\Device</Filter>
    </ClCompile>
    <ClCompile Include="..\Device\PixelProcessor.cpp">
      <Filter>Source Files\Device</Filter>
    </ClCompile>
    <ClCompile Include="..\Device\Matrix.cpp">
      <Filter>Source Files\Device</Filter>
    </ClCompile>
    <ClCompile Include="..\Device\ETC_Decoder.cpp">
      <Filter>Source Files\Device</Filter>
    </ClCompile>
    <ClCompile Include="..\Device\Context.cpp">
      <Filter>Source Files\Device</Filter>
    </ClCompile>
    <ClCompile Include="..\Device\Config.cpp">
      <Filter>Source Files\Device</Filter>
    </ClCompile>
    <ClCompile Include="..\Device\Color.cpp">
      <Filter>Source Files\Device</Filter>
    </ClCompile>
    <ClCompile Include="..\Device\Clipper.cpp">
      <Filter>Source Files\Device</Filter>
    </ClCompile>
    <ClCompile Include="..\Device\Blitter.cpp">
      <Filter>Source Files\Device</Filter>
    </ClCompile>
    <ClCompile Include="..\Pipeline\VertexRoutine.cpp">
      <Filter>Source Files\Pipeline</Filter>
    </ClCompile>
    <ClCompile Include="..\Pipeline\VertexProgram.cpp">
      <Filter>Source Files\Pipeline</Filter>
    </ClCompile>
    <ClCompile Include="..\Pipeline\ShaderCore.cpp">
      <Filter>Source Files\Pipeline</Filter>
    </ClCompile>
    <ClCompile Include="..\Pipeline\SetupRoutine.cpp">
      <Filter>Source Files\Pipeline</Filter>
    </ClCompile>
    <ClCompile Include="..\Pipeline\SamplerCore.cpp">
      <Filter>Source Files\Pipeline</Filter>
    </ClCompile>
    <ClCompile Include="..\Pipeline\PixelRoutine.cpp">
      <Filter>Source Files\Pipeline</Filter>
    </ClCompile>
    <ClCompile Include="..\Pipeline\PixelProgram.cpp">
      <Filter>Source Files\Pipeline</Filter>
    </ClCompile>
    <ClCompile Include="..\Pipeline\ComputeProgram.cpp">
      <Filter>Source Files\Pipeline</Filter>
    </ClCompile>
    <ClCompile Include="..\Pipeline\Constants.cpp">
      <Filter>Source Files\Pipeline</Filter>
    </ClCompile>
    <ClCompile Include="..\WSI\libX11.cpp">
      <Filter>Source Files\WSI</Filter>
    </ClCompile>
    <ClCompile Include="..\WSI\VkSurfaceKHR.cpp">
      <Filter>Source Files\WSI</Filter>
    </ClCompile>
    <ClCompile Include="..\System\Configurator.cpp">
      <Filter>Source Files\System</Filter>
    </ClCompile>
    <ClCompile Include="..\System\CPUID.cpp">
      <Filter>Source Files\System</Filter>
    </ClCompile>
    <ClCompile Include="..\System\Debug.cpp">
      <Filter>Source Files\System</Filter>
    </ClCompile>
    <ClCompile Include="..\System\DebugAndroid.cpp">
      <Filter>Source Files\System</Filter>
    </ClCompile>
    <ClCompile Include="..\System\GrallocAndroid.cpp">
      <Filter>Source Files\System</Filter>
    </ClCompile>
    <ClCompile Include="..\System\Half.cpp">
      <Filter>Source Files\System</Filter>
    </ClCompile>
    <ClCompile Include="..\System\Math.cpp">
      <Filter>Source Files\System</Filter>
    </ClCompile>
    <ClCompile Include="..\System\Memory.cpp">
      <Filter>Source Files\System</Filter>
    </ClCompile>
    <ClCompile Include="..\System\Socket.cpp">
      <Filter>Source Files\System</Filter>
    </ClCompile>
    <ClCompile Include="..\System\Timer.cpp">
      <Filter>Source Files\System</Filter>
    </ClCompile>
    <ClCompile Include="libVulkan.cpp">
      <Filter>Source Files\Vulkan</Filter>
    </ClCompile>
    <ClCompile Include="main.cpp">
      <Filter>Source Files\Vulkan</Filter>
    </ClCompile>
    <ClCompile Include="VkBuffer.cpp">
      <Filter>Source Files\Vulkan</Filter>
    </ClCompile>
    <ClCompile Include="VkBufferView.cpp">
      <Filter>Source Files\Vulkan</Filter>
    </ClCompile>
    <ClCompile Include="VkCommandBuffer.cpp">
      <Filter>Source Files\Vulkan</Filter>
    </ClCompile>
    <ClCompile Include="VkCommandPool.cpp">
      <Filter>Source Files\Vulkan</Filter>
    </ClCompile>
    <ClCompile Include="VkDebug.cpp">
      <Filter>Source Files\Vulkan</Filter>
    </ClCompile>
    <ClCompile Include="VkDescriptorPool.cpp">
      <Filter>Source Files\Vulkan</Filter>
    </ClCompile>
    <ClCompile Include="VkDescriptorSetLayout.cpp">
      <Filter>Source Files\Vulkan</Filter>
    </ClCompile>
    <ClCompile Include="VkDescriptorUpdateTemplate.cpp">
      <Filter>Source Files\Vulkan</Filter>
    </ClCompile>
    <ClCompile Include="VkDevice.cpp">
      <Filter>Source Files\Vulkan</Filter>
    </ClCompile>
    <ClCompile Include="VkDeviceMemory.cpp">
      <Filter>Source Files\Vulkan</Filter>
    </ClCompile>
    <ClCompile Include="VkFormat.cpp">
      <Filter>Source Files\Vulkan</Filter>
    </ClCompile>
    <ClCompile Include="VkFramebuffer.cpp">
      <Filter>Source Files\Vulkan</Filter>
    </ClCompile>
    <ClCompile Include="VkGetProcAddress.cpp">
      <Filter>Source Files\Vulkan</Filter>
    </ClCompile>
    <ClCompile Include="VkImage.cpp">
      <Filter>Source Files\Vulkan</Filter>
    </ClCompile>
    <ClCompile Include="VkImageView.cpp">
      <Filter>Source Files\Vulkan</Filter>
    </ClCompile>
    <ClCompile Include="VkInstance.cpp">
      <Filter>Source Files\Vulkan</Filter>
    </ClCompile>
    <ClCompile Include="VkMemory.cpp">
      <Filter>Source Files\Vulkan</Filter>
    </ClCompile>
    <ClCompile Include="VkPhysicalDevice.cpp">
      <Filter>Source Files\Vulkan</Filter>
    </ClCompile>
    <ClCompile Include="VkPipeline.cpp">
      <Filter>Source Files\Vulkan</Filter>
    </ClCompile>
    <ClCompile Include="VkPipelineCache.cpp">
      <Filter>Source Files\Vulkan</Filter>
    </ClCompile>
    <ClCompile Include="VkPipelineLayout.cpp">
      <Filter>Source Files\Vulkan</Filter>
    </ClCompile>
    <ClCompile Include="VkPromotedExtensions.cpp">
      <Filter>Source Files\Vulkan</Filter>
    </ClCompile>
    <ClCompile Include="VkQueryPool.cpp">
      <Filter>Source Files\Vulkan</Filter>
    </ClCompile>
    <ClCompile Include="VkQueue.cpp">
      <Filter>Source Files\Vulkan</Filter>
    </ClCompile>
    <ClCompile Include="VkRenderPass.cpp">
      <Filter>Source Files\Vulkan</Filter>
    </ClCompile>
    <ClCompile Include="VkSampler.cpp">
      <Filter>Source Files\Vulkan</Filter>
    </ClCompile>
    <ClCompile Include="VkShaderModule.cpp">
      <Filter>Source Files\Vulkan</Filter>
    </ClCompile>
    <ClCompile Include="..\Pipeline\SpirvShader.cpp">
      <Filter>Source Files\Pipeline</Filter>
    </ClCompile>
    <ClCompile Include="..\Pipeline\SpirvShaderSampling.cpp">
      <Filter>Source Files\Pipeline</Filter>
    </ClCompile>
    <ClCompile Include="..\Pipeline\SpirvShader_dbg.cpp">
      <Filter>Source Files\Pipeline</Filter>
    </ClCompile>
    <ClCompile Include="..\WSI\VkSwapchainKHR.cpp">
      <Filter>Source Files\WSI</Filter>
    </ClCompile>
    <ClCompile Include="..\WSI\Win32SurfaceKHR.cpp">
      <Filter>Source Files\WSI</Filter>
    </ClCompile>
  </ItemGroup>
  <ItemGroup>
    <ClInclude Include="resource.h">
      <Filter>Header Files\Vulkan</Filter>
    </ClInclude>
    <ClInclude Include="VkBuffer.hpp">
      <Filter>Header Files\Vulkan</Filter>
    </ClInclude>
    <ClInclude Include="VkBufferView.hpp">
      <Filter>Header Files\Vulkan</Filter>
    </ClInclude>
    <ClInclude Include="VkCommandBuffer.hpp">
      <Filter>Header Files\Vulkan</Filter>
    </ClInclude>
    <ClInclude Include="VkCommandPool.hpp">
      <Filter>Header Files\Vulkan</Filter>
    </ClInclude>
    <ClInclude Include="VkConfig.h">
      <Filter>Header Files\Vulkan</Filter>
    </ClInclude>
    <ClInclude Include="VkDescriptorPool.hpp">
      <Filter>Header Files\Vulkan</Filter>
    </ClInclude>
    <ClInclude Include="VkDescriptorSetLayout.hpp">
      <Filter>Header Files\Vulkan</Filter>
    </ClInclude>
    <ClInclude Include="VkDescriptorUpdateTemplate.hpp">
      <Filter>Header Files\Vulkan</Filter>
    </ClInclude>
    <ClInclude Include="VkDevice.hpp">
      <Filter>Header Files\Vulkan</Filter>
    </ClInclude>
    <ClInclude Include="VkDeviceMemory.hpp">
      <Filter>Header Files\Vulkan</Filter>
    </ClInclude>
    <ClInclude Include="VkEvent.hpp">
      <Filter>Header Files\Vulkan</Filter>
    </ClInclude>
    <ClInclude Include="VkFence.hpp">
      <Filter>Header Files\Vulkan</Filter>
    </ClInclude>
    <ClInclude Include="VkFormat.h">
      <Filter>Header Files\Vulkan</Filter>
    </ClInclude>
    <ClInclude Include="VkFramebuffer.hpp">
      <Filter>Header Files\Vulkan</Filter>
    </ClInclude>
    <ClInclude Include="VkGetProcAddress.h">
      <Filter>Header Files\Vulkan</Filter>
    </ClInclude>
    <ClInclude Include="VkImage.hpp">
      <Filter>Header Files\Vulkan</Filter>
    </ClInclude>
    <ClInclude Include="VkImageView.hpp">
      <Filter>Header Files\Vulkan</Filter>
    </ClInclude>
    <ClInclude Include="VkInstance.hpp">
      <Filter>Header Files\Vulkan</Filter>
    </ClInclude>
    <ClInclude Include="VkMemory.h">
      <Filter>Header Files\Vulkan</Filter>
    </ClInclude>
    <ClInclude Include="VkObject.hpp">
      <Filter>Header Files\Vulkan</Filter>
    </ClInclude>
    <ClInclude Include="VkPipeline.hpp">
      <Filter>Header Files\Vulkan</Filter>
    </ClInclude>
    <ClInclude Include="VkPipelineCache.hpp">
      <Filter>Header Files\Vulkan</Filter>
    </ClInclude>
    <ClInclude Include="VkPipelineLayout.hpp">
      <Filter>Header Files\Vulkan</Filter>
    </ClInclude>
    <ClInclude Include="VkPhysicalDevice.hpp">
      <Filter>Header Files\Vulkan</Filter>
    </ClInclude>
    <ClInclude Include="VkQueryPool.hpp">
      <Filter>Header Files\Vulkan</Filter>
    </ClInclude>
    <ClInclude Include="VkQueue.hpp">
      <Filter>Header Files\Vulkan</Filter>
    </ClInclude>
    <ClInclude Include="VkRenderPass.hpp">
      <Filter>Header Files\Vulkan</Filter>
    </ClInclude>
    <ClInclude Include="VkSampler.hpp">
      <Filter>Header Files\Vulkan</Filter>
    </ClInclude>
    <ClInclude Include="VkSemaphore.hpp">
      <Filter>Header Files\Vulkan</Filter>
    </ClInclude>
    <ClInclude Include="VkShaderModule.hpp">
      <Filter>Header Files\Vulkan</Filter>
    </ClInclude>
    <ClInclude Include="..\Device\VertexProcessor.hpp">
      <Filter>Header Files\Device</Filter>
    </ClInclude>
    <ClInclude Include="..\Device\Vertex.hpp">
      <Filter>Header Files\Device</Filter>
    </ClInclude>
    <ClInclude Include="..\Device\Vector.hpp">
      <Filter>Header Files\Device</Filter>
    </ClInclude>
    <ClInclude Include="..\Device\Triangle.hpp">
      <Filter>Header Files\Device</Filter>
    </ClInclude>
    <ClInclude Include="..\Device\Stream.hpp">
      <Filter>Header Files\Device</Filter>
    </ClInclude>
    <ClInclude Include="..\Device\SetupProcessor.hpp">
      <Filter>Header Files\Device</Filter>
    </ClInclude>
    <ClInclude Include="..\Device\Sampler.hpp">
      <Filter>Header Files\Device</Filter>
    </ClInclude>
    <ClInclude Include="..\Device\RoutineCache.hpp">
      <Filter>Header Files\Device</Filter>
    </ClInclude>
    <ClInclude Include="..\Device\Renderer.hpp">
      <Filter>Header Files\Device</Filter>
    </ClInclude>
    <ClInclude Include="..\Device\Rasterizer.hpp">
      <Filter>Header Files\Device</Filter>
    </ClInclude>
    <ClInclude Include="..\Device\QuadRasterizer.hpp">
      <Filter>Header Files\Device</Filter>
    </ClInclude>
    <ClInclude Include="..\Device\Primitive.hpp">
      <Filter>Header Files\Device</Filter>
    </ClInclude>
    <ClInclude Include="..\Device\Polygon.hpp">
      <Filter>Header Files\Device</Filter>
    </ClInclude>
    <ClInclude Include="..\Device\Point.hpp">
      <Filter>Header Files\Device</Filter>
    </ClInclude>
    <ClInclude Include="..\Device\Plane.hpp">
      <Filter>Header Files\Device</Filter>
    </ClInclude>
    <ClInclude Include="..\Device\Memset.hpp">
      <Filter>Header Files\Device</Filter>
    </ClInclude>
    <ClInclude Include="..\Device\PixelProcessor.hpp">
      <Filter>Header Files\Device</Filter>
    </ClInclude>
    <ClInclude Include="..\Device\Matrix.hpp">
      <Filter>Header Files\Device</Filter>
    </ClInclude>
    <ClInclude Include="..\Device\LRUCache.hpp">
      <Filter>Header Files\Device</Filter>
    </ClInclude>
    <ClInclude Include="..\Device\ETC_Decoder.hpp">
      <Filter>Header Files\Device</Filter>
    </ClInclude>
    <ClInclude Include="..\Device\Context.hpp">
      <Filter>Header Files\Device</Filter>
    </ClInclude>
    <ClInclude Include="..\Device\Config.hpp">
      <Filter>Header Files\Device</Filter>
    </ClInclude>
    <ClInclude Include="..\Device\Color.hpp">
      <Filter>Header Files\Device</Filter>
    </ClInclude>
    <ClInclude Include="..\Device\Clipper.hpp">
      <Filter>Header Files\Device</Filter>
    </ClInclude>
    <ClInclude Include="..\Device\Blitter.hpp">
      <Filter>Header Files\Device</Filter>
    </ClInclude>
    <ClInclude Include="..\WSI\libX11.hpp">
      <Filter>Header Files\WSI</Filter>
    </ClInclude>
    <ClInclude Include="..\WSI\VkSurfaceKHR.hpp">
      <Filter>Header Files\WSI</Filter>
    </ClInclude>
    <ClInclude Include="..\Pipeline\VertexRoutine.hpp">
      <Filter>Header Files\Pipeline</Filter>
    </ClInclude>
    <ClInclude Include="..\Pipeline\VertexProgram.hpp">
      <Filter>Header Files\Pipeline</Filter>
    </ClInclude>
    <ClInclude Include="..\Pipeline\VertexPipeline.hpp">
      <Filter>Header Files\Pipeline</Filter>
    </ClInclude>
    <ClInclude Include="..\Pipeline\ShaderCore.hpp">
      <Filter>Header Files\Pipeline</Filter>
    </ClInclude>
    <ClInclude Include="..\Pipeline\SetupRoutine.hpp">
      <Filter>Header Files\Pipeline</Filter>
    </ClInclude>
    <ClInclude Include="..\Pipeline\SamplerCore.hpp">
      <Filter>Header Files\Pipeline</Filter>
    </ClInclude>
    <ClInclude Include="..\Pipeline\PixelRoutine.hpp">
      <Filter>Header Files\Pipeline</Filter>
    </ClInclude>
    <ClInclude Include="..\Pipeline\PixelProgram.hpp">
      <Filter>Header Files\Pipeline</Filter>
    </ClInclude>
    <ClInclude Include="..\System\Build.hpp">
      <Filter>Header Files\System</Filter>
    </ClInclude>
    <ClInclude Include="..\Pipeline\ComputeProgram.hpp">
      <Filter>Header Files\Pipeline</Filter>
    </ClInclude>
    <ClInclude Include="..\Pipeline\Constants.hpp">
      <Filter>Header Files\Pipeline</Filter>
    </ClInclude>
    <ClInclude Include="..\System\Configurator.hpp">
      <Filter>Header Files\System</Filter>
    </ClInclude>
    <ClInclude Include="..\System\CPUID.hpp">
      <Filter>Header Files\System</Filter>
    </ClInclude>
    <ClInclude Include="..\System\Debug.hpp">
      <Filter>Header Files\System</Filter>
    </ClInclude>
    <ClInclude Include="..\System\DebugAndroid.hpp">
      <Filter>Header Files\System</Filter>
    </ClInclude>
    <ClInclude Include="..\System\GrallocAndroid.hpp">
      <Filter>Header Files\System</Filter>
    </ClInclude>
    <ClInclude Include="..\System\Half.hpp">
      <Filter>Header Files\System</Filter>
    </ClInclude>
    <ClInclude Include="..\System\Math.hpp">
      <Filter>Header Files\System</Filter>
    </ClInclude>
    <ClInclude Include="..\System\Memory.hpp">
      <Filter>Header Files\System</Filter>
    </ClInclude>
    <ClInclude Include="..\System\SharedLibrary.hpp">
      <Filter>Header Files\System</Filter>
    </ClInclude>
    <ClInclude Include="..\System\Socket.hpp">
      <Filter>Header Files\System</Filter>
    </ClInclude>
    <ClInclude Include="..\System\Synchronization.hpp">
      <Filter>Header Files\System</Filter>
    </ClInclude>
    <ClInclude Include="..\System\Timer.hpp">
      <Filter>Header Files\System</Filter>
    </ClInclude>
    <ClInclude Include="..\System\Types.hpp">
      <Filter>Header Files\System</Filter>
    </ClInclude>
    <ClInclude Include="VkDebug.hpp">
      <Filter>Header Files\Vulkan</Filter>
    </ClInclude>
    <ClInclude Include="VkDestroy.h">
      <Filter>Header Files\Vulkan</Filter>
    </ClInclude>
    <ClInclude Include="VulkanPlatform.h">
      <Filter>Header Files\Vulkan</Filter>
    </ClInclude>
    <ClInclude Include="Version.h" />
    <ClInclude Include="..\Pipeline\SpirvShader.hpp">
      <Filter>Header Files\Pipeline</Filter>
    </ClInclude>
    <ClInclude Include="..\WSI\VkSwapchainKHR.hpp">
      <Filter>Header Files\WSI</Filter>
    </ClInclude>
    <ClInclude Include="..\WSI\Win32SurfaceKHR.hpp">
      <Filter>Header Files\WSI</Filter>
    </ClInclude>
  </ItemGroup>
  <ItemGroup>
    <None Include="vk_swiftshader.def" />
  </ItemGroup>
  <ItemGroup>
    <ResourceCompile Include="Vulkan.rc">
      <Filter>Resource Files</Filter>
    </ResourceCompile>
  </ItemGroup>
</Project>