<?xml version="1.0" encoding="UTF-8" standalone="yes" ?>
<CodeBlocks_project_file>
	<FileVersion major="1" minor="6" />
	<Project>
		<Option title="libEGL" />
		<Option pch_mode="2" />
		<Option compiler="clang" />
		<Build>
			<Target title="Debug x86">
				<Option output="./../../../lib/Debug_x86/libEGL.so.1" prefix_auto="0" extension_auto="0" />
				<Option object_output="obj/x86/Debug/" />
				<Option type="3" />
				<Option compiler="clang" />
				<Option createDefFile="1" />
				<Option createStaticLib="1" />
				<Compiler>
					<Add option="-g" />
					<Add option="-m32" />
				</Compiler>
				<Linker>
					<Add option="-m32" />
				</Linker>
				<ExtraCommands>
					<Add after="ln -s -f ./libEGL.so.1 ./../../../lib/Debug_x86/libEGL.so" />
					<Add after="mkdir -p ./../../../lib/Debug_x86/translator/" />
					<Add after="cp ./../../../lib/Debug_x86/libEGL.so.1 ./../../../lib/Debug_x86/translator/libEGL_translator.so" />
				</ExtraCommands>
			</Target>
			<Target title="Release x86">
				<Option output="./../../../lib/Release_x86/libEGL.so.1" prefix_auto="0" extension_auto="0" />
				<Option object_output="obj/x86/Release/" />
				<Option type="3" />
				<Option compiler="clang" />
				<Option createDefFile="1" />
				<Option createStaticLib="1" />
				<Compiler>
					<Add option="-O2" />
					<Add option="-m32" />
					<Add option="-DNDEBUG" />
					<Add option="-DANGLE_DISABLE_TRACE" />
				</Compiler>
				<Linker>
					<Add option="-s" />
					<Add option="-m32" />
				</Linker>
				<ExtraCommands>
					<Add after="ln -s -f ./libEGL.so.1 ./../../../lib/Release_x86/libEGL.so" />
					<Add after="mkdir -p ./../../../lib/Release_x86/translator/" />
					<Add after="cp ./../../../lib/Release_x86/libEGL.so.1 ./../../../lib/Release_x86/translator/libEGL_translator.so" />
				</ExtraCommands>
			</Target>
			<Target title="Debug x64">
				<Option output="./../../../lib/Debug_x64/libEGL.so.1" prefix_auto="0" extension_auto="0" />
				<Option object_output="obj/x64/Debug/" />
				<Option type="3" />
				<Option compiler="clang" />
				<Option createDefFile="1" />
				<Option createStaticLib="1" />
				<Compiler>
					<Add option="-g" />
					<Add option="-m64" />
					<Add option="-fPIC" />
				</Compiler>
				<Linker>
					<Add option="-m64" />
				</Linker>
				<ExtraCommands>
					<Add after="ln -s -f ./libEGL.so.1 ./../../../lib/Debug_x64/libEGL.so" />
					<Add after="mkdir -p ./../../../lib/Debug_x64/translator/" />
					<Add after="cp ./../../../lib/Debug_x64/libEGL.so.1 ./../../../lib/Debug_x64/translator/lib64EGL_translator.so" />
				</ExtraCommands>
			</Target>
			<Target title="Release x64">
				<Option output="./../../../lib/Release_x64/libEGL.so.1" prefix_auto="0" extension_auto="0" />
				<Option object_output="obj/x64/Release/" />
				<Option type="3" />
				<Option compiler="clang" />
				<Option createDefFile="1" />
				<Option createStaticLib="1" />
				<Compiler>
					<Add option="-O2" />
					<Add option="-march=core2" />
					<Add option="-m64" />
					<Add option="-fPIC" />
					<Add option="-DNDEBUG" />
					<Add option="-DANGLE_DISABLE_TRACE" />
				</Compiler>
				<Linker>
					<Add option="-s" />
					<Add option="-m64" />
				</Linker>
				<ExtraCommands>
					<Add after="ln -s -f ./libEGL.so.1 ./../../../lib/Release_x64/libEGL.so" />
					<Add after="mkdir -p ./../../../lib/Release_x64/translator/" />
					<Add after="cp ./../../../lib/Release_x64/libEGL.so.1 ./../../../lib/Release_x64/translator/lib64EGL_translator.so" />
				</ExtraCommands>
			</Target>
		</Build>
		<Compiler>
			<Add option="-Wall" />
			<Add option="-std=c++11" />
			<Add option="-fexceptions" />
			<Add option="-fvisibility=protected" />
			<Add option="-DEGLAPI=" />
			<Add option="-DEGL_EGLEXT_PROTOTYPES" />
			<Add directory="./../../../include/" />
			<Add directory="./../" />
			<Add directory="./../../" />
		</Compiler>
		<Linker>
			<Add option="-Wl,--version-script=./exports.map" />
			<Add option="-Wl,--hash-style=both" />
			<Add option="-Wl,--no-undefined" />
			<Add library="pthread" />
			<Add library="dl" />
		</Linker>
		<Unit filename="../../Common/SharedLibrary.hpp" />
		<Unit filename="../../Main/libX11.cpp" />
		<Unit filename="../../Main/libX11.hpp" />
		<Unit filename="../common/NameSpace.hpp" />
		<Unit filename="../common/Object.cpp" />
		<Unit filename="../common/Object.hpp" />
		<Unit filename="../common/debug.cpp" />
		<Unit filename="../common/debug.h" />
		<Unit filename="Config.cpp" />
		<Unit filename="Config.h" />
		<Unit filename="Display.cpp" />
		<Unit filename="Display.h" />
		<Unit filename="Surface.cpp" />
		<Unit filename="Surface.h" />
		<Unit filename="exports.map" />
		<Unit filename="libEGL.cpp" />
		<Unit filename="libEGL.hpp" />
		<Unit filename="main.cpp" />
		<Unit filename="main.h" />
		<Extensions>
			<code_completion />
			<debugger />
		</Extensions>
	</Project>
</CodeBlocks_project_file>
