<?xml version="1.0" encoding="utf-8"?>
<Project ToolsVersion="4.0" xmlns="http://schemas.microsoft.com/developer/msbuild/2003">
  <ItemGroup>
    <Filter Include="Source Files">
      <UniqueIdentifier>{4FC737F1-C7A5-4376-A066-2A32D752A2FF}</UniqueIdentifier>
      <Extensions>cpp;c;cxx;def;odl;idl;hpj;bat;asm;asmx</Extensions>
    </Filter>
    <Filter Include="Header Files">
      <UniqueIdentifier>{93995380-89BD-4b04-88EB-625FBE52EBFB}</UniqueIdentifier>
      <Extensions>h;hpp;hxx;hm;inl;inc;xsd</Extensions>
    </Filter>
    <Filter Include="Win32">
      <UniqueIdentifier>{f108aed7-929d-4498-9b39-ea8008bf05be}</UniqueIdentifier>
    </Filter>
  </ItemGroup>
  <ItemGroup>
    <ClCompile Include="..\..\lib\System\Atomic.cpp">
      <Filter>Source Files</Filter>
    </ClCompile>
    <ClCompile Include="..\..\lib\System\Disassembler.cpp">
      <Filter>Source Files</Filter>
    </ClCompile>
    <ClCompile Include="..\..\lib\System\DynamicLibrary.cpp">
      <Filter>Source Files</Filter>
    </ClCompile>
    <ClCompile Include="..\..\lib\System\Errno.cpp">
      <Filter>Source Files</Filter>
    </ClCompile>
    <ClCompile Include="..\..\lib\System\Host.cpp">
      <Filter>Source Files</Filter>
    </ClCompile>
    <ClCompile Include="..\..\lib\System\IncludeFile.cpp">
      <Filter>Source Files</Filter>
    </ClCompile>
    <ClCompile Include="..\..\lib\System\Memory.cpp">
      <Filter>Source Files</Filter>
    </ClCompile>
    <ClCompile Include="..\..\lib\System\Mutex.cpp">
      <Filter>Source Files</Filter>
    </ClCompile>
    <ClCompile Include="..\..\lib\System\Path.cpp">
      <Filter>Source Files</Filter>
    </ClCompile>
    <ClCompile Include="..\..\lib\System\Process.cpp">
      <Filter>Source Files</Filter>
    </ClCompile>
    <ClCompile Include="..\..\lib\System\Program.cpp">
      <Filter>Source Files</Filter>
    </ClCompile>
    <ClCompile Include="..\..\lib\System\RWMutex.cpp">
      <Filter>Source Files</Filter>
    </ClCompile>
    <ClCompile Include="..\..\lib\System\Signals.cpp">
      <Filter>Source Files</Filter>
    </ClCompile>
    <ClCompile Include="..\..\lib\System\Threading.cpp">
      <Filter>Source Files</Filter>
    </ClCompile>
    <ClCompile Include="..\..\lib\System\ThreadLocal.cpp">
      <Filter>Source Files</Filter>
    </ClCompile>
    <ClCompile Include="..\..\lib\System\TimeValue.cpp">
      <Filter>Source Files</Filter>
    </ClCompile>
    <ClCompile Include="..\..\lib\System\Valgrind.cpp">
      <Filter>Source Files</Filter>
    </ClCompile>
  </ItemGroup>
  <ItemGroup>
    <None Include="..\..\lib\System\Win32\Alarm.inc">
      <Filter>Win32</Filter>
    </None>
    <None Include="..\..\lib\System\Win32\DynamicLibrary.inc">
      <Filter>Win32</Filter>
    </None>
    <None Include="..\..\lib\System\Win32\Host.inc">
      <Filter>Win32</Filter>
    </None>
    <None Include="..\..\lib\System\Win32\Memory.inc">
      <Filter>Win32</Filter>
    </None>
    <None Include="..\..\lib\System\Win32\Mutex.inc">
      <Filter>Win32</Filter>
    </None>
    <None Include="..\..\lib\System\Win32\Path.inc">
      <Filter>Win32</Filter>
    </None>
    <None Include="..\..\lib\System\Win32\Process.inc">
      <Filter>Win32</Filter>
    </None>
    <None Include="..\..\lib\System\Win32\Program.inc">
      <Filter>Win32</Filter>
    </None>
    <None Include="..\..\lib\System\Win32\RWMutex.inc">
      <Filter>Win32</Filter>
    </None>
    <None Include="..\..\lib\System\Win32\Signals.inc">
      <Filter>Win32</Filter>
    </None>
    <None Include="..\..\lib\System\Win32\ThreadLocal.inc">
      <Filter>Win32</Filter>
    </None>
    <None Include="..\..\lib\System\Win32\TimeValue.inc">
      <Filter>Win32</Filter>
    </None>
  </ItemGroup>
  <ItemGroup>
    <ClInclude Include="..\..\lib\System\Win32\Win32.h">
      <Filter>Win32</Filter>
    </ClInclude>
  </ItemGroup>
</Project>